
Microsoft Visual Studio Solution File, Format Version 12.00
# Visual Studio Version 17
VisualStudioVersion = 17.7.34018.315
MinimumVisualStudioVersion = 10.0.40219.1
Project("{9A19103F-16F7-4668-BE54-9A1E7A4F7556}") = "Assignment9", "Assignment9\Assignment9.csproj", "{F4F1B731-78B2-40A6-BCEE-9DC689AE6FF3}"
EndProject
Project("{2150E333-8FDC-42A3-9474-1A3956D46DE8}") = "Application", "Application", "{FF4C623D-182D-4C0B-B906-0E92353381B4}"
EndProject
Project("{2150E333-8FDC-42A3-9474-1A3956D46DE8}") = "Business", "Business", "{6999AC25-A659-4160-94CF-0680FCFC5784}"
EndProject
Project("{2150E333-8FDC-42A3-9474-1A3956D46DE8}") = "Domain", "Domain", "{08251484-3E9D-44CB-99DE-3AFDDD6EFE16}"
EndProject
Project("{2150E333-8FDC-42A3-9474-1A3956D46DE8}") = "Infrastructure", "Infrastructure", "{256C635B-1DF2-4A19-9E8D-A214134AFA72}"
EndProject
Project("{9A19103F-16F7-4668-BE54-9A1E7A4F7556}") = "Domain", "Domain\Domain.csproj", "{807DC884-2662-4133-B0D5-CD5B835185AD}"
EndProject
Project("{9A19103F-16F7-4668-BE54-9A1E7A4F7556}") = "Data", "Data\Data.csproj", "{EA46682A-9F45-462B-A8D4-FA197573CA9B}"
EndProject
Project("{9A19103F-16F7-4668-BE54-9A1E7A4F7556}") = "Business", "Business\Business.csproj", "{4BD39EF8-6792-4A91-BF89-52F2783AA47C}"
EndProject
Project("{9A19103F-16F7-4668-BE54-9A1E7A4F7556}") = "Models", "Models\Models.csproj", "{1C9F3EE3-7889-4D6A-B3EC-7A0DD529C8EA}"
EndProject
Project("{9A19103F-16F7-4668-BE54-9A1E7A4F7556}") = "IoC", "IoC\IoC.csproj", "{6DF4A941-2EF0-40B0-B4D2-EDCC420F7F0C}"
EndProject
Project("{FAE04EC0-301F-11D3-BF4B-00C04F79EFBC}") = "Common", "Common\Common.csproj", "{50EFFE74-6CA5-4930-9EF0-ABBB3004FCC7}"
EndProject
Global
	GlobalSection(SolutionConfigurationPlatforms) = preSolution
		Debug|Any CPU = Debug|Any CPU
		Release|Any CPU = Release|Any CPU
	EndGlobalSection
	GlobalSection(ProjectConfigurationPlatforms) = postSolution
		{F4F1B731-78B2-40A6-BCEE-9DC689AE6FF3}.Debug|Any CPU.ActiveCfg = Debug|Any CPU
		{F4F1B731-78B2-40A6-BCEE-9DC689AE6FF3}.Debug|Any CPU.Build.0 = Debug|Any CPU
		{F4F1B731-78B2-40A6-BCEE-9DC689AE6FF3}.Release|Any CPU.ActiveCfg = Release|Any CPU
		{F4F1B731-78B2-40A6-BCEE-9DC689AE6FF3}.Release|Any CPU.Build.0 = Release|Any CPU
		{807DC884-2662-4133-B0D5-CD5B835185AD}.Debug|Any CPU.ActiveCfg = Debug|Any CPU
		{807DC884-2662-4133-B0D5-CD5B835185AD}.Debug|Any CPU.Build.0 = Debug|Any CPU
		{807DC884-2662-4133-B0D5-CD5B835185AD}.Release|Any CPU.ActiveCfg = Release|Any CPU
		{807DC884-2662-4133-B0D5-CD5B835185AD}.Release|Any CPU.Build.0 = Release|Any CPU
		{EA46682A-9F45-462B-A8D4-FA197573CA9B}.Debug|Any CPU.ActiveCfg = Debug|Any CPU
		{EA46682A-9F45-462B-A8D4-FA197573CA9B}.Debug|Any CPU.Build.0 = Debug|Any CPU
		{EA46682A-9F45-462B-A8D4-FA197573CA9B}.Release|Any CPU.ActiveCfg = Release|Any CPU
		{EA46682A-9F45-462B-A8D4-FA197573CA9B}.Release|Any CPU.Build.0 = Release|Any CPU
		{4BD39EF8-6792-4A91-BF89-52F2783AA47C}.Debug|Any CPU.ActiveCfg = Debug|Any CPU
		{4BD39EF8-6792-4A91-BF89-52F2783AA47C}.Debug|Any CPU.Build.0 = Debug|Any CPU
		{4BD39EF8-6792-4A91-BF89-52F2783AA47C}.Release|Any CPU.ActiveCfg = Release|Any CPU
		{4BD39EF8-6792-4A91-BF89-52F2783AA47C}.Release|Any CPU.Build.0 = Release|Any CPU
		{1C9F3EE3-7889-4D6A-B3EC-7A0DD529C8EA}.Debug|Any CPU.ActiveCfg = Debug|Any CPU
		{1C9F3EE3-7889-4D6A-B3EC-7A0DD529C8EA}.Debug|Any CPU.Build.0 = Debug|Any CPU
		{1C9F3EE3-7889-4D6A-B3EC-7A0DD529C8EA}.Release|Any CPU.ActiveCfg = Release|Any CPU
		{1C9F3EE3-7889-4D6A-B3EC-7A0DD529C8EA}.Release|Any CPU.Build.0 = Release|Any CPU
		{6DF4A941-2EF0-40B0-B4D2-EDCC420F7F0C}.Debug|Any CPU.ActiveCfg = Debug|Any CPU
		{6DF4A941-2EF0-40B0-B4D2-EDCC420F7F0C}.Debug|Any CPU.Build.0 = Debug|Any CPU
		{6DF4A941-2EF0-40B0-B4D2-EDCC420F7F0C}.Release|Any CPU.ActiveCfg = Release|Any CPU
		{6DF4A941-2EF0-40B0-B4D2-EDCC420F7F0C}.Release|Any CPU.Build.0 = Release|Any CPU
		{50EFFE74-6CA5-4930-9EF0-ABBB3004FCC7}.Debug|Any CPU.ActiveCfg = Debug|Any CPU
		{50EFFE74-6CA5-4930-9EF0-ABBB3004FCC7}.Debug|Any CPU.Build.0 = Debug|Any CPU
		{50EFFE74-6CA5-4930-9EF0-ABBB3004FCC7}.Release|Any CPU.ActiveCfg = Release|Any CPU
		{50EFFE74-6CA5-4930-9EF0-ABBB3004FCC7}.Release|Any CPU.Build.0 = Release|Any CPU
	EndGlobalSection
	GlobalSection(SolutionProperties) = preSolution
		HideSolutionNode = FALSE
	EndGlobalSection
	GlobalSection(NestedProjects) = preSolution
		{F4F1B731-78B2-40A6-BCEE-9DC689AE6FF3} = {FF4C623D-182D-4C0B-B906-0E92353381B4}
		{807DC884-2662-4133-B0D5-CD5B835185AD} = {08251484-3E9D-44CB-99DE-3AFDDD6EFE16}
		{EA46682A-9F45-462B-A8D4-FA197573CA9B} = {256C635B-1DF2-4A19-9E8D-A214134AFA72}
		{4BD39EF8-6792-4A91-BF89-52F2783AA47C} = {6999AC25-A659-4160-94CF-0680FCFC5784}
		{1C9F3EE3-7889-4D6A-B3EC-7A0DD529C8EA} = {256C635B-1DF2-4A19-9E8D-A214134AFA72}
		{6DF4A941-2EF0-40B0-B4D2-EDCC420F7F0C} = {256C635B-1DF2-4A19-9E8D-A214134AFA72}
		{50EFFE74-6CA5-4930-9EF0-ABBB3004FCC7} = {256C635B-1DF2-4A19-9E8D-A214134AFA72}
	EndGlobalSection
	GlobalSection(ExtensibilityGlobals) = postSolution
		SolutionGuid = {8FEF882B-619F-471F-9E1B-14F301A18034}
	EndGlobalSection
EndGlobal
